
Microsoft Visual Studio Solution File, Format Version 12.00
# Visual Studio Version 16
VisualStudioVersion = 16.0.30406.217
MinimumVisualStudioVersion = 10.0.40219.1
Project("{FAE04EC0-301F-11D3-BF4B-00C04F79EFBC}") = "Vidly", "Vidly\Vidly.csproj", "{E2647A13-21F4-4DED-9CDA-4388DDDDC83D}"
EndProject
Global
	GlobalSection(SolutionConfigurationPlatforms) = preSolution
		Debug|Any CPU = Debug|Any CPU
		Release|Any CPU = Release|Any CPU
	EndGlobalSection
	GlobalSection(ProjectConfigurationPlatforms) = postSolution
		{E2647A13-21F4-4DED-9CDA-4388DDDDC83D}.Debug|Any CPU.ActiveCfg = Debug|Any CPU
		{E2647A13-21F4-4DED-9CDA-4388DDDDC83D}.Debug|Any CPU.Build.0 = Debug|Any CPU
		{E2647A13-21F4-4DED-9CDA-4388DDDDC83D}.Release|Any CPU.ActiveCfg = Release|Any CPU
		{E2647A13-21F4-4DED-9CDA-4388DDDDC83D}.Release|Any CPU.Build.0 = Release|Any CPU
	EndGlobalSection
	GlobalSection(SolutionProperties) = preSolution
		HideSolutionNode = FALSE
	EndGlobalSection
	GlobalSection(ExtensibilityGlobals) = postSolution
		SolutionGuid = {8BA562E7-8F7E-46A5-9C90-443E646C3D98}
	EndGlobalSection
EndGlobal
